{
  "name": ".opencode",
  "lockfileVersion": 3,
  "requires": true,
  "packages": {
    "": {
      "name": ".opencode",
      "dependencies": {
        "@opencode-ai/plugin": "1.2.21"
      }
    },
    "node_modules/@opencode-ai/plugin": {
      "version": "1.2.21",
      "resolved": "https://registry.npmjs.org/@opencode-ai/plugin/-/plugin-1.2.21.tgz",
      "integrity": "sha512-2/JhdD19bu9fxPIzZun2x57KA4Q4EsY/yRQZO54GTsVugZ+T0b5GZkFFYIyOVE6bU4PCoSYBK5MAU+VCEyxvEA==",
      "license": "MIT",
      "dependencies": {
        "@opencode-ai/sdk": "1.2.21",
        "zod": "4.1.8"
      }
    },
    "node_modules/@opencode-ai/sdk": {
      "version": "1.2.21",
      "resolved": "https://registry.npmjs.org/@opencode-ai/sdk/-/sdk-1.2.21.tgz",
      "integrity": "sha512-7XF7QlXDP5iAbGcAsxsrmKlIjRtSzKgbwuDHPPuZbILkhGOfCo05XwPidAZrVWucZ/re44oc/psw2zDECaZOpQ==",
      "license": "MIT"
    },
    "node_modules/zod": {
      "version": "4.1.8",
      "license": "MIT",
      "funding": {
        "url": "https://github.com/sponsors/colinhacks"
      }
    }
  }
}
